
Microsoft Visual Studio Solution File, Format Version 12.00
# Visual Studio Version 17
VisualStudioVersion = 17.0.31903.59
MinimumVisualStudioVersion = 10.0.40219.1
Project("{FAE04EC0-301F-11D3-BF4B-00C04F79EFBC}") = "saviaup.print-agent.Shared", "saviaup.print-agent.Shared\saviaup.print-agent.Shared.csproj", "{91C66300-1D7B-4278-9CC0-3880DA503859}"
EndProject
Project("{FAE04EC0-301F-11D3-BF4B-00C04F79EFBC}") = "saviaup.print-agent.Domain", "saviaup.print-agent.Domain\saviaup.print-agent.Domain.csproj", "{AE192018-A95F-42EF-B4E0-E5B9EB5CEAD2}"
EndProject
Project("{FAE04EC0-301F-11D3-BF4B-00C04F79EFBC}") = "saviaup.print-agent.Core", "saviaup.print-agent.Core\saviaup.print-agent.Core.csproj", "{2473D3B9-F21B-4179-B6E9-6B846C30E83C}"
EndProject
Project("{FAE04EC0-301F-11D3-BF4B-00C04F79EFBC}") = "saviaup.print-agent.Infrastructure", "saviaup.print-agent.Infrastructure\saviaup.print-agent.Infrastructure.csproj", "{049D7BF3-0925-49CA-AB88-24242447DD65}"
EndProject
Project("{FAE04EC0-301F-11D3-BF4B-00C04F79EFBC}") = "saviaup.print-agent.Worker", "saviaup.print-agent.Worker\saviaup.print-agent.Worker.csproj", "{8EB7886F-D64A-4CA3-8A0E-C6D8E8DAB5D8}"
EndProject
Project("{2150E333-8FDC-42A3-9474-1A3956D46DE8}") = "tests", "tests", "{0AB3BF05-4346-4AA6-1389-037BE0695223}"
EndProject
Project("{FAE04EC0-301F-11D3-BF4B-00C04F79EFBC}") = "saviaup.print-agent.Core.Tests", "tests\saviaup.print-agent.Core.Tests\saviaup.print-agent.Core.Tests.csproj", "{CE7E8149-C103-4EC1-BD95-69BCB22387B3}"
EndProject
Project("{FAE04EC0-301F-11D3-BF4B-00C04F79EFBC}") = "saviaup.print-agent.IntegrationTests", "tests\saviaup.print-agent.IntegrationTests\saviaup.print-agent.IntegrationTests.csproj", "{C0CBCCE6-8AC5-4CC1-8851-BEE1CEC38C11}"
EndProject
Global
	GlobalSection(SolutionConfigurationPlatforms) = preSolution
		Debug|Any CPU = Debug|Any CPU
		Debug|x64 = Debug|x64
		Debug|x86 = Debug|x86
		Release|Any CPU = Release|Any CPU
		Release|x64 = Release|x64
		Release|x86 = Release|x86
	EndGlobalSection
	GlobalSection(ProjectConfigurationPlatforms) = postSolution
		{91C66300-1D7B-4278-9CC0-3880DA503859}.Debug|Any CPU.ActiveCfg = Debug|Any CPU
		{91C66300-1D7B-4278-9CC0-3880DA503859}.Debug|Any CPU.Build.0 = Debug|Any CPU
		{91C66300-1D7B-4278-9CC0-3880DA503859}.Debug|x64.ActiveCfg = Debug|Any CPU
		{91C66300-1D7B-4278-9CC0-3880DA503859}.Debug|x64.Build.0 = Debug|Any CPU
		{91C66300-1D7B-4278-9CC0-3880DA503859}.Debug|x86.ActiveCfg = Debug|Any CPU
		{91C66300-1D7B-4278-9CC0-3880DA503859}.Debug|x86.Build.0 = Debug|Any CPU
		{91C66300-1D7B-4278-9CC0-3880DA503859}.Release|Any CPU.ActiveCfg = Release|Any CPU
		{91C66300-1D7B-4278-9CC0-3880DA503859}.Release|Any CPU.Build.0 = Release|Any CPU
		{91C66300-1D7B-4278-9CC0-3880DA503859}.Release|x64.ActiveCfg = Release|Any CPU
		{91C66300-1D7B-4278-9CC0-3880DA503859}.Release|x64.Build.0 = Release|Any CPU
		{91C66300-1D7B-4278-9CC0-3880DA503859}.Release|x86.ActiveCfg = Release|Any CPU
		{91C66300-1D7B-4278-9CC0-3880DA503859}.Release|x86.Build.0 = Release|Any CPU
		{AE192018-A95F-42EF-B4E0-E5B9EB5CEAD2}.Debug|Any CPU.ActiveCfg = Debug|Any CPU
		{AE192018-A95F-42EF-B4E0-E5B9EB5CEAD2}.Debug|Any CPU.Build.0 = Debug|Any CPU
		{AE192018-A95F-42EF-B4E0-E5B9EB5CEAD2}.Debug|x64.ActiveCfg = Debug|Any CPU
		{AE192018-A95F-42EF-B4E0-E5B9EB5CEAD2}.Debug|x64.Build.0 = Debug|Any CPU
		{AE192018-A95F-42EF-B4E0-E5B9EB5CEAD2}.Debug|x86.ActiveCfg = Debug|Any CPU
		{AE192018-A95F-42EF-B4E0-E5B9EB5CEAD2}.Debug|x86.Build.0 = Debug|Any CPU
		{AE192018-A95F-42EF-B4E0-E5B9EB5CEAD2}.Release|Any CPU.ActiveCfg = Release|Any CPU
		{AE192018-A95F-42EF-B4E0-E5B9EB5CEAD2}.Release|Any CPU.Build.0 = Release|Any CPU
		{AE192018-A95F-42EF-B4E0-E5B9EB5CEAD2}.Release|x64.ActiveCfg = Release|Any CPU
		{AE192018-A95F-42EF-B4E0-E5B9EB5CEAD2}.Release|x64.Build.0 = Release|Any CPU
		{AE192018-A95F-42EF-B4E0-E5B9EB5CEAD2}.Release|x86.ActiveCfg = Release|Any CPU
		{AE192018-A95F-42EF-B4E0-E5B9EB5CEAD2}.Release|x86.Build.0 = Release|Any CPU
		{2473D3B9-F21B-4179-B6E9-6B846C30E83C}.Debug|Any CPU.ActiveCfg = Debug|Any CPU
		{2473D3B9-F21B-4179-B6E9-6B846C30E83C}.Debug|Any CPU.Build.0 = Debug|Any CPU
		{2473D3B9-F21B-4179-B6E9-6B846C30E83C}.Debug|x64.ActiveCfg = Debug|Any CPU
		{2473D3B9-F21B-4179-B6E9-6B846C30E83C}.Debug|x64.Build.0 = Debug|Any CPU
		{2473D3B9-F21B-4179-B6E9-6B846C30E83C}.Debug|x86.ActiveCfg = Debug|Any CPU
		{2473D3B9-F21B-4179-B6E9-6B846C30E83C}.Debug|x86.Build.0 = Debug|Any CPU
		{2473D3B9-F21B-4179-B6E9-6B846C30E83C}.Release|Any CPU.ActiveCfg = Release|Any CPU
		{2473D3B9-F21B-4179-B6E9-6B846C30E83C}.Release|Any CPU.Build.0 = Release|Any CPU
		{2473D3B9-F21B-4179-B6E9-6B846C30E83C}.Release|x64.ActiveCfg = Release|Any CPU
		{2473D3B9-F21B-4179-B6E9-6B846C30E83C}.Release|x64.Build.0 = Release|Any CPU
		{2473D3B9-F21B-4179-B6E9-6B846C30E83C}.Release|x86.ActiveCfg = Release|Any CPU
		{2473D3B9-F21B-4179-B6E9-6B846C30E83C}.Release|x86.Build.0 = Release|Any CPU
		{049D7BF3-0925-49CA-AB88-24242447DD65}.Debug|Any CPU.ActiveCfg = Debug|Any CPU
		{049D7BF3-0925-49CA-AB88-24242447DD65}.Debug|Any CPU.Build.0 = Debug|Any CPU
		{049D7BF3-0925-49CA-AB88-24242447DD65}.Debug|x64.ActiveCfg = Debug|Any CPU
		{049D7BF3-0925-49CA-AB88-24242447DD65}.Debug|x64.Build.0 = Debug|Any CPU
		{049D7BF3-0925-49CA-AB88-24242447DD65}.Debug|x86.ActiveCfg = Debug|Any CPU
		{049D7BF3-0925-49CA-AB88-24242447DD65}.Debug|x86.Build.0 = Debug|Any CPU
		{049D7BF3-0925-49CA-AB88-24242447DD65}.Release|Any CPU.ActiveCfg = Release|Any CPU
		{049D7BF3-0925-49CA-AB88-24242447DD65}.Release|Any CPU.Build.0 = Release|Any CPU
		{049D7BF3-0925-49CA-AB88-24242447DD65}.Release|x64.ActiveCfg = Release|Any CPU
		{049D7BF3-0925-49CA-AB88-24242447DD65}.Release|x64.Build.0 = Release|Any CPU
		{049D7BF3-0925-49CA-AB88-24242447DD65}.Release|x86.ActiveCfg = Release|Any CPU
		{049D7BF3-0925-49CA-AB88-24242447DD65}.Release|x86.Build.0 = Release|Any CPU
		{8EB7886F-D64A-4CA3-8A0E-C6D8E8DAB5D8}.Debug|Any CPU.ActiveCfg = Debug|Any CPU
		{8EB7886F-D64A-4CA3-8A0E-C6D8E8DAB5D8}.Debug|Any CPU.Build.0 = Debug|Any CPU
		{8EB7886F-D64A-4CA3-8A0E-C6D8E8DAB5D8}.Debug|x64.ActiveCfg = Debug|Any CPU
		{8EB7886F-D64A-4CA3-8A0E-C6D8E8DAB5D8}.Debug|x64.Build.0 = Debug|Any CPU
		{8EB7886F-D64A-4CA3-8A0E-C6D8E8DAB5D8}.Debug|x86.ActiveCfg = Debug|Any CPU
		{8EB7886F-D64A-4CA3-8A0E-C6D8E8DAB5D8}.Debug|x86.Build.0 = Debug|Any CPU
		{8EB7886F-D64A-4CA3-8A0E-C6D8E8DAB5D8}.Release|Any CPU.ActiveCfg = Release|Any CPU
		{8EB7886F-D64A-4CA3-8A0E-C6D8E8DAB5D8}.Release|Any CPU.Build.0 = Release|Any CPU
		{8EB7886F-D64A-4CA3-8A0E-C6D8E8DAB5D8}.Release|x64.ActiveCfg = Release|Any CPU
		{8EB7886F-D64A-4CA3-8A0E-C6D8E8DAB5D8}.Release|x64.Build.0 = Release|Any CPU
		{8EB7886F-D64A-4CA3-8A0E-C6D8E8DAB5D8}.Release|x86.ActiveCfg = Release|Any CPU
		{8EB7886F-D64A-4CA3-8A0E-C6D8E8DAB5D8}.Release|x86.Build.0 = Release|Any CPU
		{CE7E8149-C103-4EC1-BD95-69BCB22387B3}.Debug|Any CPU.ActiveCfg = Debug|Any CPU
		{CE7E8149-C103-4EC1-BD95-69BCB22387B3}.Debug|Any CPU.Build.0 = Debug|Any CPU
		{CE7E8149-C103-4EC1-BD95-69BCB22387B3}.Debug|x64.ActiveCfg = Debug|Any CPU
		{CE7E8149-C103-4EC1-BD95-69BCB22387B3}.Debug|x64.Build.0 = Debug|Any CPU
		{CE7E8149-C103-4EC1-BD95-69BCB22387B3}.Debug|x86.ActiveCfg = Debug|Any CPU
		{CE7E8149-C103-4EC1-BD95-69BCB22387B3}.Debug|x86.Build.0 = Debug|Any CPU
		{CE7E8149-C103-4EC1-BD95-69BCB22387B3}.Release|Any CPU.ActiveCfg = Release|Any CPU
		{CE7E8149-C103-4EC1-BD95-69BCB22387B3}.Release|Any CPU.Build.0 = Release|Any CPU
		{CE7E8149-C103-4EC1-BD95-69BCB22387B3}.Release|x64.ActiveCfg = Release|Any CPU
		{CE7E8149-C103-4EC1-BD95-69BCB22387B3}.Release|x64.Build.0 = Release|Any CPU
		{CE7E8149-C103-4EC1-BD95-69BCB22387B3}.Release|x86.ActiveCfg = Release|Any CPU
		{CE7E8149-C103-4EC1-BD95-69BCB22387B3}.Release|x86.Build.0 = Release|Any CPU
		{C0CBCCE6-8AC5-4CC1-8851-BEE1CEC38C11}.Debug|Any CPU.ActiveCfg = Debug|Any CPU
		{C0CBCCE6-8AC5-4CC1-8851-BEE1CEC38C11}.Debug|Any CPU.Build.0 = Debug|Any CPU
		{C0CBCCE6-8AC5-4CC1-8851-BEE1CEC38C11}.Debug|x64.ActiveCfg = Debug|Any CPU
		{C0CBCCE6-8AC5-4CC1-8851-BEE1CEC38C11}.Debug|x64.Build.0 = Debug|Any CPU
		{C0CBCCE6-8AC5-4CC1-8851-BEE1CEC38C11}.Debug|x86.ActiveCfg = Debug|Any CPU
		{C0CBCCE6-8AC5-4CC1-8851-BEE1CEC38C11}.Debug|x86.Build.0 = Debug|Any CPU
		{C0CBCCE6-8AC5-4CC1-8851-BEE1CEC38C11}.Release|Any CPU.ActiveCfg = Release|Any CPU
		{C0CBCCE6-8AC5-4CC1-8851-BEE1CEC38C11}.Release|Any CPU.Build.0 = Release|Any CPU
		{C0CBCCE6-8AC5-4CC1-8851-BEE1CEC38C11}.Release|x64.ActiveCfg = Release|Any CPU
		{C0CBCCE6-8AC5-4CC1-8851-BEE1CEC38C11}.Release|x64.Build.0 = Release|Any CPU
		{C0CBCCE6-8AC5-4CC1-8851-BEE1CEC38C11}.Release|x86.ActiveCfg = Release|Any CPU
		{C0CBCCE6-8AC5-4CC1-8851-BEE1CEC38C11}.Release|x86.Build.0 = Release|Any CPU
	EndGlobalSection
	GlobalSection(SolutionProperties) = preSolution
		HideSolutionNode = FALSE
	EndGlobalSection
	GlobalSection(NestedProjects) = preSolution
		{CE7E8149-C103-4EC1-BD95-69BCB22387B3} = {0AB3BF05-4346-4AA6-1389-037BE0695223}
		{C0CBCCE6-8AC5-4CC1-8851-BEE1CEC38C11} = {0AB3BF05-4346-4AA6-1389-037BE0695223}
	EndGlobalSection
EndGlobal
